# THIS IS AN AUTOGENERATED FILE. DO NOT EDIT THIS FILE DIRECTLY.
# yarn lockfile v1
angular-animate@^1.5.6:
  version "1.5.8"
  resolved "https://registry.yarnpkg.com/angular-animate/-/angular-animate-1.5.8.tgz#535f7369225aba7fb15bf7134c71b15bc635c586"

angular-sanitize@^1.5.5:
  version "1.5.8"
  resolved "https://registry.yarnpkg.com/angular-sanitize/-/angular-sanitize-1.5.8.tgz#1832f69487ee820a21cbe30055a8fb1bdf297ab8"

angular-ui-router@^0.3.0:
  version "0.3.1"
  resolved "https://registry.yarnpkg.com/angular-ui-router/-/angular-ui-router-0.3.1.tgz#914678eeeb4545defc786cf12d0d1994246a3e8a"
  dependencies:
    angular "^1.0.8"

angular@^1.0.8, angular@^1.5.5:
  version "1.5.8"
  resolved "https://registry.yarnpkg.com/angular/-/angular-1.5.8.tgz#925a5392b8c212d09572dc446db7e01264e094cb"

